// !$*UTF8*$!
{
	archiveVersion = 1;
	classes = {
	};
	objectVersion = 56;
	objects = {

/* Begin PBXBuildFile section */
		2AC8BAE22AB4A04A00143D2D /* CustomEmptyView.swift in Sources */ = {isa = PBXBuildFile; fileRef = 2AC8BAE12AB4A04A00143D2D /* CustomEmptyView.swift */; };
		2AC8BAE42AB8AD8400143D2D /* AppState.swift in Sources */ = {isa = PBXBuildFile; fileRef = 2AC8BAE32AB8AD8400143D2D /* AppState.swift */; };
		2AC8BAE62AB9FF5200143D2D /* GridScreen.swift in Sources */ = {isa = PBXBuildFile; fileRef = 2AC8BAE52AB9FF5200143D2D /* GridScreen.swift */; };
		2AC8BAE82ABB4B2300143D2D /* Theme.swift in Sources */ = {isa = PBXBuildFile; fileRef = 2AC8BAE72ABB4B2300143D2D /* Theme.swift */; };
		2AC8BAEA2ABC386D00143D2D /* GridViewModel.swift in Sources */ = {isa = PBXBuildFile; fileRef = 2AC8BAE92ABC386D00143D2D /* GridViewModel.swift */; };
		2AC8BAEE2ABDA3DA00143D2D /* ScrollTopButton.swift in Sources */ = {isa = PBXBuildFile; fileRef = 2AC8BAED2ABDA3DA00143D2D /* ScrollTopButton.swift */; };
		2AC8BAF02ABEE66900143D2D /* SearchScreen.swift in Sources */ = {isa = PBXBuildFile; fileRef = 2AC8BAEF2ABEE66900143D2D /* SearchScreen.swift */; };
		2AC8BAF22ABEEE2200143D2D /* Search.swift in Sources */ = {isa = PBXBuildFile; fileRef = 2AC8BAF12ABEEE2200143D2D /* Search.swift */; };
		2AC8BAF42ABEEF2C00143D2D /* SearchViewModel.swift in Sources */ = {isa = PBXBuildFile; fileRef = 2AC8BAF32ABEEF2C00143D2D /* SearchViewModel.swift */; };
		2AC8BAF62ABF049100143D2D /* SearchResultViewModel.swift in Sources */ = {isa = PBXBuildFile; fileRef = 2AC8BAF52ABF049100143D2D /* SearchResultViewModel.swift */; };
		2AC8BAF82ABF0B9F00143D2D /* SearchList.swift in Sources */ = {isa = PBXBuildFile; fileRef = 2AC8BAF72ABF0B9F00143D2D /* SearchList.swift */; };
		2AC8BAFA2AC0452E00143D2D /* SearchResultCard.swift in Sources */ = {isa = PBXBuildFile; fileRef = 2AC8BAF92AC0452E00143D2D /* SearchResultCard.swift */; };
		2AC8BAFC2AC191CE00143D2D /* SearchGridScreen.swift in Sources */ = {isa = PBXBuildFile; fileRef = 2AC8BAFB2AC191CE00143D2D /* SearchGridScreen.swift */; };
		2AC8BAFE2AC1F52500143D2D /* RecentSearchView.swift in Sources */ = {isa = PBXBuildFile; fileRef = 2AC8BAFD2AC1F52500143D2D /* RecentSearchView.swift */; };
		2AC8BB002AC2C52B00143D2D /* LocalData.swift in Sources */ = {isa = PBXBuildFile; fileRef = 2AC8BAFF2AC2C52B00143D2D /* LocalData.swift */; };
		2AC8BB022AC444D700143D2D /* MyPageScreen.swift in Sources */ = {isa = PBXBuildFile; fileRef = 2AC8BB012AC444D700143D2D /* MyPageScreen.swift */; };
		2AC8BB042AC45B4B00143D2D /* MyPageView.swift in Sources */ = {isa = PBXBuildFile; fileRef = 2AC8BB032AC45B4B00143D2D /* MyPageView.swift */; };
		2AC8BB072AC45B8600143D2D /* LoginView.swift in Sources */ = {isa = PBXBuildFile; fileRef = 2AC8BB062AC45B8600143D2D /* LoginView.swift */; };
		2AC8BB092AC4606000143D2D /* SocialLoginButton.swift in Sources */ = {isa = PBXBuildFile; fileRef = 2AC8BB082AC4606000143D2D /* SocialLoginButton.swift */; };
		2AC8BB0B2AC4790000143D2D /* LoginViewModel.swift in Sources */ = {isa = PBXBuildFile; fileRef = 2AC8BB0A2AC4790000143D2D /* LoginViewModel.swift */; };
		2AC8BB0E2AC486E700143D2D /* GoogleSignIn in Frameworks */ = {isa = PBXBuildFile; productRef = 2AC8BB0D2AC486E700143D2D /* GoogleSignIn */; };
		2AC8BB102AC486E700143D2D /* GoogleSignInSwift in Frameworks */ = {isa = PBXBuildFile; productRef = 2AC8BB0F2AC486E700143D2D /* GoogleSignInSwift */; };
		2AC8BB132AC48AAB00143D2D /* Utils.swift in Sources */ = {isa = PBXBuildFile; fileRef = 2AC8BB122AC48AAB00143D2D /* Utils.swift */; };
		2AC8BB162AC57D7700143D2D /* AppleSignIn.swift in Sources */ = {isa = PBXBuildFile; fileRef = 2AC8BB152AC57D7700143D2D /* AppleSignIn.swift */; };
		2AC8BB182AC7249F00143D2D /* NaverInfoResponse.swift in Sources */ = {isa = PBXBuildFile; fileRef = 2AC8BB172AC7249F00143D2D /* NaverInfoResponse.swift */; };
		2AC8BB192AC72FB400143D2D /* Pods_Cinexandria.framework in Frameworks */ = {isa = PBXBuildFile; fileRef = 66FD7126E202110B6B27110D /* Pods_Cinexandria.framework */; };
		2AC8BB1E2AC8338400143D2D /* KakaoSDKAuth in Frameworks */ = {isa = PBXBuildFile; productRef = 2AC8BB1D2AC8338400143D2D /* KakaoSDKAuth */; };
		2AC8BB202AC8338400143D2D /* KakaoSDKCommon in Frameworks */ = {isa = PBXBuildFile; productRef = 2AC8BB1F2AC8338400143D2D /* KakaoSDKCommon */; };
		2AC8BB222AC8338400143D2D /* KakaoSDKUser in Frameworks */ = {isa = PBXBuildFile; productRef = 2AC8BB212AC8338400143D2D /* KakaoSDKUser */; };
		2AC8BB242AC97DC000143D2D /* AvatarView.swift in Sources */ = {isa = PBXBuildFile; fileRef = 2AC8BB232AC97DC000143D2D /* AvatarView.swift */; };
		2AC8BB262AC9B6A600143D2D /* MyPageListCell.swift in Sources */ = {isa = PBXBuildFile; fileRef = 2AC8BB252AC9B6A600143D2D /* MyPageListCell.swift */; };
		2AC8BB2C2ACAB85D00143D2D /* UserService.swift in Sources */ = {isa = PBXBuildFile; fileRef = 2AC8BB2B2ACAB85D00143D2D /* UserService.swift */; };
		2AC8BB2E2ACACED100143D2D /* User.swift in Sources */ = {isa = PBXBuildFile; fileRef = 2AC8BB2D2ACACED100143D2D /* User.swift */; };
		2AC8BB302ACC19C700143D2D /* ProfileEditScreen.swift in Sources */ = {isa = PBXBuildFile; fileRef = 2AC8BB2F2ACC19C700143D2D /* ProfileEditScreen.swift */; };
		2AC8BB332ACC202300143D2D /* CustomTextField.swift in Sources */ = {isa = PBXBuildFile; fileRef = 2AC8BB322ACC202300143D2D /* CustomTextField.swift */; };
		2AC8BB352ACD61DF00143D2D /* ImagePicker.swift in Sources */ = {isa = PBXBuildFile; fileRef = 2AC8BB342ACD61DF00143D2D /* ImagePicker.swift */; };
		2AC8BB372ACEE3CF00143D2D /* ProfileEditViewModel.swift in Sources */ = {isa = PBXBuildFile; fileRef = 2AC8BB362ACEE3CF00143D2D /* ProfileEditViewModel.swift */; };
		2AC8BB392ACEF66300143D2D /* UIImage+.swift in Sources */ = {isa = PBXBuildFile; fileRef = 2AC8BB382ACEF66300143D2D /* UIImage+.swift */; };
		2AC8BB3B2ACF0E4700143D2D /* Storage+.swift in Sources */ = {isa = PBXBuildFile; fileRef = 2AC8BB3A2ACF0E4700143D2D /* Storage+.swift */; };
		2AC8BB3D2AD0686600143D2D /* VerticalLabelStyle.swift in Sources */ = {isa = PBXBuildFile; fileRef = 2AC8BB3C2AD0686500143D2D /* VerticalLabelStyle.swift */; };
		2AC8BB3F2AD1781800143D2D /* LikedWorksScreen.swift in Sources */ = {isa = PBXBuildFile; fileRef = 2AC8BB3E2AD1781800143D2D /* LikedWorksScreen.swift */; };
		2AC8BB412AD17E9900143D2D /* LikedWorksViewModel.swift in Sources */ = {isa = PBXBuildFile; fileRef = 2AC8BB402AD17E9900143D2D /* LikedWorksViewModel.swift */; };
		2AC8BB432AD307F000143D2D /* LikedWorkViewModel.swift in Sources */ = {isa = PBXBuildFile; fileRef = 2AC8BB422AD307F000143D2D /* LikedWorkViewModel.swift */; };
		2AC8BB452AD30A2200143D2D /* LikedPosterCard.swift in Sources */ = {isa = PBXBuildFile; fileRef = 2AC8BB442AD30A2200143D2D /* LikedPosterCard.swift */; };
		2AC8BB472AD316A100143D2D /* MyPageViewModel.swift in Sources */ = {isa = PBXBuildFile; fileRef = 2AC8BB462AD316A000143D2D /* MyPageViewModel.swift */; };
		2AC8BB492AD3F1B700143D2D /* ReviewService.swift in Sources */ = {isa = PBXBuildFile; fileRef = 2AC8BB482AD3F1B700143D2D /* ReviewService.swift */; };
		2AC8BB4B2AD4015700143D2D /* ReviewWriteScreen .swift in Sources */ = {isa = PBXBuildFile; fileRef = 2AC8BB4A2AD4015700143D2D /* ReviewWriteScreen .swift */; };
		2AC8BB4D2AD4191F00143D2D /* RatingStar.swift in Sources */ = {isa = PBXBuildFile; fileRef = 2AC8BB4C2AD4191F00143D2D /* RatingStar.swift */; };
		2AC8BB4F2AD43A3E00143D2D /* CustomTextEditor.swift in Sources */ = {isa = PBXBuildFile; fileRef = 2AC8BB4E2AD43A3E00143D2D /* CustomTextEditor.swift */; };
		2AC8BB532AD5A33800143D2D /* AllReviewScreen.swift in Sources */ = {isa = PBXBuildFile; fileRef = 2AC8BB522AD5A33800143D2D /* AllReviewScreen.swift */; };
		2AC8BB552AD5A5A300143D2D /* AllReviewViewModel.swift in Sources */ = {isa = PBXBuildFile; fileRef = 2AC8BB542AD5A5A300143D2D /* AllReviewViewModel.swift */; };
		2AC8BB572AD6E03D00143D2D /* RecentReviewScreen.swift in Sources */ = {isa = PBXBuildFile; fileRef = 2AC8BB562AD6E03D00143D2D /* RecentReviewScreen.swift */; };
		2AC8BB592AD6E36200143D2D /* RecentReviewViewModel.swift in Sources */ = {isa = PBXBuildFile; fileRef = 2AC8BB582AD6E36200143D2D /* RecentReviewViewModel.swift */; };
		2AC8BB5B2AD7DC0C00143D2D /* MyReviewScreen.swift in Sources */ = {isa = PBXBuildFile; fileRef = 2AC8BB5A2AD7DC0C00143D2D /* MyReviewScreen.swift */; };
		2AC8BB5D2AD7E08400143D2D /* MyReviewCard.swift in Sources */ = {isa = PBXBuildFile; fileRef = 2AC8BB5C2AD7E08400143D2D /* MyReviewCard.swift */; };
		2AC8BB5F2AD83DB400143D2D /* ReviewDetailScreen.swift in Sources */ = {isa = PBXBuildFile; fileRef = 2AC8BB5E2AD83DB400143D2D /* ReviewDetailScreen.swift */; };
		2AC8BB612AD9260600143D2D /* ReviewUpdateScreen.swift in Sources */ = {isa = PBXBuildFile; fileRef = 2AC8BB602AD9260600143D2D /* ReviewUpdateScreen.swift */; };
		2AF4E57B2AA5D6A900ABE68C /* CinexandriaApp.swift in Sources */ = {isa = PBXBuildFile; fileRef = 2AF4E57A2AA5D6A900ABE68C /* CinexandriaApp.swift */; };
		2AF4E57F2AA5D6AA00ABE68C /* Assets.xcassets in Resources */ = {isa = PBXBuildFile; fileRef = 2AF4E57E2AA5D6AA00ABE68C /* Assets.xcassets */; };
		2AF4E5822AA5D6AA00ABE68C /* Preview Assets.xcassets in Resources */ = {isa = PBXBuildFile; fileRef = 2AF4E5812AA5D6AA00ABE68C /* Preview Assets.xcassets */; };
		2AF4E5C02AA5D70B00ABE68C /* WebService.swift in Sources */ = {isa = PBXBuildFile; fileRef = 2AF4E5B02AA5D70B00ABE68C /* WebService.swift */; };
		2AF4E5C12AA5D70B00ABE68C /* ImageLoader.swift in Sources */ = {isa = PBXBuildFile; fileRef = 2AF4E5B22AA5D70B00ABE68C /* ImageLoader.swift */; };
		2AF4E5C22AA5D70B00ABE68C /* URLImage.swift in Sources */ = {isa = PBXBuildFile; fileRef = 2AF4E5B42AA5D70B00ABE68C /* URLImage.swift */; };
		2AF4E5C32AA5D70B00ABE68C /* HomeScreen.swift in Sources */ = {isa = PBXBuildFile; fileRef = 2AF4E5B62AA5D70B00ABE68C /* HomeScreen.swift */; };
		2AF4E5C42AA5D70B00ABE68C /* String+.swift in Sources */ = {isa = PBXBuildFile; fileRef = 2AF4E5B92AA5D70B00ABE68C /* String+.swift */; };
		2AF4E5C52AA5D70B00ABE68C /* View+.swift in Sources */ = {isa = PBXBuildFile; fileRef = 2AF4E5BA2AA5D70B00ABE68C /* View+.swift */; };
		2AF4E5C62AA5D70B00ABE68C /* Date+.swift in Sources */ = {isa = PBXBuildFile; fileRef = 2AF4E5BB2AA5D70B00ABE68C /* Date+.swift */; };
		2AF4E5C72AA5D70B00ABE68C /* Constants.swift in Sources */ = {isa = PBXBuildFile; fileRef = 2AF4E5BF2AA5D70B00ABE68C /* Constants.swift */; };
		2AF4E5C92AA5EEFA00ABE68C /* GoogleService-Info.plist in Resources */ = {isa = PBXBuildFile; fileRef = 2AF4E5C82AA5EEFA00ABE68C /* GoogleService-Info.plist */; };
		2AF4E5CC2AA5F86C00ABE68C /* FirebaseAuth in Frameworks */ = {isa = PBXBuildFile; productRef = 2AF4E5CB2AA5F86C00ABE68C /* FirebaseAuth */; };
		2AF4E5CE2AA5F86C00ABE68C /* FirebaseDatabase in Frameworks */ = {isa = PBXBuildFile; productRef = 2AF4E5CD2AA5F86C00ABE68C /* FirebaseDatabase */; };
		2AF4E5D22AA5F86C00ABE68C /* FirebaseFirestore in Frameworks */ = {isa = PBXBuildFile; productRef = 2AF4E5D12AA5F86C00ABE68C /* FirebaseFirestore */; };
		2AF4E5D62AA5F86C00ABE68C /* FirebaseStorage in Frameworks */ = {isa = PBXBuildFile; productRef = 2AF4E5D52AA5F86C00ABE68C /* FirebaseStorage */; };
		2AF4E5DA2AA6418800ABE68C /* HomeView.swift in Sources */ = {isa = PBXBuildFile; fileRef = 2AF4E5D92AA6418800ABE68C /* HomeView.swift */; };
		2AF4E5E02AA72DD800ABE68C /* ListTitleView.swift in Sources */ = {isa = PBXBuildFile; fileRef = 2AF4E5DF2AA72DD800ABE68C /* ListTitleView.swift */; };
		2AF4E5E22AA72DEB00ABE68C /* WorkList.swift in Sources */ = {isa = PBXBuildFile; fileRef = 2AF4E5E12AA72DEB00ABE68C /* WorkList.swift */; };
		2AF4E5E42AA72DF700ABE68C /* ReviewList.swift in Sources */ = {isa = PBXBuildFile; fileRef = 2AF4E5E32AA72DF700ABE68C /* ReviewList.swift */; };
		2AF4E5E92AA733B900ABE68C /* TrendingSection.swift in Sources */ = {isa = PBXBuildFile; fileRef = 2AF4E5E82AA733B900ABE68C /* TrendingSection.swift */; };
		2AF4E5ED2AA7892200ABE68C /* Movie.swift in Sources */ = {isa = PBXBuildFile; fileRef = 2AF4E5EC2AA7892200ABE68C /* Movie.swift */; };
		2AF4E5F32AA891FD00ABE68C /* WorkViewModel.swift in Sources */ = {isa = PBXBuildFile; fileRef = 2AF4E5F22AA891FD00ABE68C /* WorkViewModel.swift */; };
		2AF4E5F52AA8D3EF00ABE68C /* TV.swift in Sources */ = {isa = PBXBuildFile; fileRef = 2AF4E5F42AA8D3EF00ABE68C /* TV.swift */; };
		2AF4E5F72AA8E5BF00ABE68C /* TrendingViewModel.swift in Sources */ = {isa = PBXBuildFile; fileRef = 2AF4E5F62AA8E5BF00ABE68C /* TrendingViewModel.swift */; };
		2AF4E5F92AA8E81D00ABE68C /* PosterCard.swift in Sources */ = {isa = PBXBuildFile; fileRef = 2AF4E5F82AA8E81D00ABE68C /* PosterCard.swift */; };
		2AF4E5FD2AA9CE9F00ABE68C /* Image+.swift in Sources */ = {isa = PBXBuildFile; fileRef = 2AF4E5FC2AA9CE9F00ABE68C /* Image+.swift */; };
		2AF4E5FF2AAA164C00ABE68C /* ReviewSection.swift in Sources */ = {isa = PBXBuildFile; fileRef = 2AF4E5FE2AAA164C00ABE68C /* ReviewSection.swift */; };
		2AF4E6012AAA193300ABE68C /* ReviewListViewModel.swift in Sources */ = {isa = PBXBuildFile; fileRef = 2AF4E6002AAA193300ABE68C /* ReviewListViewModel.swift */; };
		2AF4E6032AAA1BEE00ABE68C /* ReviewViewModel.swift in Sources */ = {isa = PBXBuildFile; fileRef = 2AF4E6022AAA1BEE00ABE68C /* ReviewViewModel.swift */; };
		2AF4E6052AAA1DAA00ABE68C /* Review.swift in Sources */ = {isa = PBXBuildFile; fileRef = 2AF4E6042AAA1DAA00ABE68C /* Review.swift */; };
		2AF4E6072AAA258C00ABE68C /* ReviewCard.swift in Sources */ = {isa = PBXBuildFile; fileRef = 2AF4E6062AAA258C00ABE68C /* ReviewCard.swift */; };
		2AF4E6092AAB01FC00ABE68C /* TopRatedSection.swift in Sources */ = {isa = PBXBuildFile; fileRef = 2AF4E6082AAB01FC00ABE68C /* TopRatedSection.swift */; };
		2AF4E60B2AAB048C00ABE68C /* TopRatedViewModel.swift in Sources */ = {isa = PBXBuildFile; fileRef = 2AF4E60A2AAB048C00ABE68C /* TopRatedViewModel.swift */; };
		2AF4E60D2AAB1DFD00ABE68C /* WorkDetailViewModel.swift in Sources */ = {isa = PBXBuildFile; fileRef = 2AF4E60C2AAB1DFD00ABE68C /* WorkDetailViewModel.swift */; };
		2AF4E60F2AAB812200ABE68C /* DetailViewModel.swift in Sources */ = {isa = PBXBuildFile; fileRef = 2AF4E60E2AAB812200ABE68C /* DetailViewModel.swift */; };
		2AF4E6132AAB902C00ABE68C /* DetailScreen.swift in Sources */ = {isa = PBXBuildFile; fileRef = 2AF4E6122AAB902C00ABE68C /* DetailScreen.swift */; };
		2AF4E6152AADD46C00ABE68C /* UINavigationController+.swift in Sources */ = {isa = PBXBuildFile; fileRef = 2AF4E6142AADD46C00ABE68C /* UINavigationController+.swift */; };
		2AF4E6172AB09A5200ABE68C /* Text+.swift in Sources */ = {isa = PBXBuildFile; fileRef = 2AF4E6162AB09A5200ABE68C /* Text+.swift */; };
		2AF4E61A2AB1B0DD00ABE68C /* YouTubePlayerKit in Frameworks */ = {isa = PBXBuildFile; productRef = 2AF4E6192AB1B0DD00ABE68C /* YouTubePlayerKit */; };
		2AF4E61E2AB203CF00ABE68C /* CreditList.swift in Sources */ = {isa = PBXBuildFile; fileRef = 2AF4E61D2AB203CF00ABE68C /* CreditList.swift */; };
		2AF4E6202AB206E800ABE68C /* CreditViewModel.swift in Sources */ = {isa = PBXBuildFile; fileRef = 2AF4E61F2AB206E700ABE68C /* CreditViewModel.swift */; };
		2AF4E6222AB2ECE700ABE68C /* AllReviewList.swift in Sources */ = {isa = PBXBuildFile; fileRef = 2AF4E6212AB2ECE700ABE68C /* AllReviewList.swift */; };
		2AF4E6242AB2EE0600ABE68C /* AllReviewCard.swift in Sources */ = {isa = PBXBuildFile; fileRef = 2AF4E6232AB2EE0600ABE68C /* AllReviewCard.swift */; };
/* End PBXBuildFile section */

/* Begin PBXFileReference section */
		0BAE3CCAB9BAE32522425E5E /* Pods-Cinexandria.release.xcconfig */ = {isa = PBXFileReference; includeInIndex = 1; lastKnownFileType = text.xcconfig; name = "Pods-Cinexandria.release.xcconfig"; path = "Target Support Files/Pods-Cinexandria/Pods-Cinexandria.release.xcconfig"; sourceTree = "<group>"; };
		2AC8BAE12AB4A04A00143D2D /* CustomEmptyView.swift */ = {isa = PBXFileReference; lastKnownFileType = sourcecode.swift; path = CustomEmptyView.swift; sourceTree = "<group>"; };
		2AC8BAE32AB8AD8400143D2D /* AppState.swift */ = {isa = PBXFileReference; lastKnownFileType = sourcecode.swift; path = AppState.swift; sourceTree = "<group>"; };
		2AC8BAE52AB9FF5200143D2D /* GridScreen.swift */ = {isa = PBXFileReference; lastKnownFileType = sourcecode.swift; path = GridScreen.swift; sourceTree = "<group>"; };
		2AC8BAE72ABB4B2300143D2D /* Theme.swift */ = {isa = PBXFileReference; lastKnownFileType = sourcecode.swift; path = Theme.swift; sourceTree = "<group>"; };
		2AC8BAE92ABC386D00143D2D /* GridViewModel.swift */ = {isa = PBXFileReference; lastKnownFileType = sourcecode.swift; path = GridViewModel.swift; sourceTree = "<group>"; };
		2AC8BAED2ABDA3DA00143D2D /* ScrollTopButton.swift */ = {isa = PBXFileReference; lastKnownFileType = sourcecode.swift; path = ScrollTopButton.swift; sourceTree = "<group>"; };
		2AC8BAEF2ABEE66900143D2D /* SearchScreen.swift */ = {isa = PBXFileReference; lastKnownFileType = sourcecode.swift; path = SearchScreen.swift; sourceTree = "<group>"; };
		2AC8BAF12ABEEE2200143D2D /* Search.swift */ = {isa = PBXFileReference; lastKnownFileType = sourcecode.swift; path = Search.swift; sourceTree = "<group>"; };
		2AC8BAF32ABEEF2C00143D2D /* SearchViewModel.swift */ = {isa = PBXFileReference; lastKnownFileType = sourcecode.swift; path = SearchViewModel.swift; sourceTree = "<group>"; };
		2AC8BAF52ABF049100143D2D /* SearchResultViewModel.swift */ = {isa = PBXFileReference; lastKnownFileType = sourcecode.swift; path = SearchResultViewModel.swift; sourceTree = "<group>"; };
		2AC8BAF72ABF0B9F00143D2D /* SearchList.swift */ = {isa = PBXFileReference; lastKnownFileType = sourcecode.swift; path = SearchList.swift; sourceTree = "<group>"; };
		2AC8BAF92AC0452E00143D2D /* SearchResultCard.swift */ = {isa = PBXFileReference; lastKnownFileType = sourcecode.swift; path = SearchResultCard.swift; sourceTree = "<group>"; };
		2AC8BAFB2AC191CE00143D2D /* SearchGridScreen.swift */ = {isa = PBXFileReference; lastKnownFileType = sourcecode.swift; path = SearchGridScreen.swift; sourceTree = "<group>"; };
		2AC8BAFD2AC1F52500143D2D /* RecentSearchView.swift */ = {isa = PBXFileReference; lastKnownFileType = sourcecode.swift; path = RecentSearchView.swift; sourceTree = "<group>"; };
		2AC8BAFF2AC2C52B00143D2D /* LocalData.swift */ = {isa = PBXFileReference; lastKnownFileType = sourcecode.swift; path = LocalData.swift; sourceTree = "<group>"; };
		2AC8BB012AC444D700143D2D /* MyPageScreen.swift */ = {isa = PBXFileReference; lastKnownFileType = sourcecode.swift; path = MyPageScreen.swift; sourceTree = "<group>"; };
		2AC8BB032AC45B4B00143D2D /* MyPageView.swift */ = {isa = PBXFileReference; lastKnownFileType = sourcecode.swift; path = MyPageView.swift; sourceTree = "<group>"; };
		2AC8BB062AC45B8600143D2D /* LoginView.swift */ = {isa = PBXFileReference; lastKnownFileType = sourcecode.swift; path = LoginView.swift; sourceTree = "<group>"; };
		2AC8BB082AC4606000143D2D /* SocialLoginButton.swift */ = {isa = PBXFileReference; lastKnownFileType = sourcecode.swift; path = SocialLoginButton.swift; sourceTree = "<group>"; };
		2AC8BB0A2AC4790000143D2D /* LoginViewModel.swift */ = {isa = PBXFileReference; lastKnownFileType = sourcecode.swift; path = LoginViewModel.swift; sourceTree = "<group>"; };
		2AC8BB112AC4886800143D2D /* Info.plist */ = {isa = PBXFileReference; lastKnownFileType = text.plist; path = Info.plist; sourceTree = "<group>"; };
		2AC8BB122AC48AAB00143D2D /* Utils.swift */ = {isa = PBXFileReference; lastKnownFileType = sourcecode.swift; path = Utils.swift; sourceTree = "<group>"; };
		2AC8BB142AC5717600143D2D /* Cinexandria.entitlements */ = {isa = PBXFileReference; lastKnownFileType = text.plist.entitlements; path = Cinexandria.entitlements; sourceTree = "<group>"; };
		2AC8BB152AC57D7700143D2D /* AppleSignIn.swift */ = {isa = PBXFileReference; lastKnownFileType = sourcecode.swift; path = AppleSignIn.swift; sourceTree = "<group>"; };
		2AC8BB172AC7249F00143D2D /* NaverInfoResponse.swift */ = {isa = PBXFileReference; lastKnownFileType = sourcecode.swift; path = NaverInfoResponse.swift; sourceTree = "<group>"; };
		2AC8BB232AC97DC000143D2D /* AvatarView.swift */ = {isa = PBXFileReference; lastKnownFileType = sourcecode.swift; path = AvatarView.swift; sourceTree = "<group>"; };
		2AC8BB252AC9B6A600143D2D /* MyPageListCell.swift */ = {isa = PBXFileReference; lastKnownFileType = sourcecode.swift; path = MyPageListCell.swift; sourceTree = "<group>"; };
		2AC8BB2B2ACAB85D00143D2D /* UserService.swift */ = {isa = PBXFileReference; lastKnownFileType = sourcecode.swift; path = UserService.swift; sourceTree = "<group>"; };
		2AC8BB2D2ACACED100143D2D /* User.swift */ = {isa = PBXFileReference; lastKnownFileType = sourcecode.swift; path = User.swift; sourceTree = "<group>"; };
		2AC8BB2F2ACC19C700143D2D /* ProfileEditScreen.swift */ = {isa = PBXFileReference; lastKnownFileType = sourcecode.swift; path = ProfileEditScreen.swift; sourceTree = "<group>"; };
		2AC8BB322ACC202300143D2D /* CustomTextField.swift */ = {isa = PBXFileReference; lastKnownFileType = sourcecode.swift; path = CustomTextField.swift; sourceTree = "<group>"; };
		2AC8BB342ACD61DF00143D2D /* ImagePicker.swift */ = {isa = PBXFileReference; lastKnownFileType = sourcecode.swift; path = ImagePicker.swift; sourceTree = "<group>"; };
		2AC8BB362ACEE3CF00143D2D /* ProfileEditViewModel.swift */ = {isa = PBXFileReference; lastKnownFileType = sourcecode.swift; path = ProfileEditViewModel.swift; sourceTree = "<group>"; };
		2AC8BB382ACEF66300143D2D /* UIImage+.swift */ = {isa = PBXFileReference; lastKnownFileType = sourcecode.swift; path = "UIImage+.swift"; sourceTree = "<group>"; };
		2AC8BB3A2ACF0E4700143D2D /* Storage+.swift */ = {isa = PBXFileReference; lastKnownFileType = sourcecode.swift; path = "Storage+.swift"; sourceTree = "<group>"; };
		2AC8BB3C2AD0686500143D2D /* VerticalLabelStyle.swift */ = {isa = PBXFileReference; lastKnownFileType = sourcecode.swift; path = VerticalLabelStyle.swift; sourceTree = "<group>"; };
		2AC8BB3E2AD1781800143D2D /* LikedWorksScreen.swift */ = {isa = PBXFileReference; lastKnownFileType = sourcecode.swift; path = LikedWorksScreen.swift; sourceTree = "<group>"; };
		2AC8BB402AD17E9900143D2D /* LikedWorksViewModel.swift */ = {isa = PBXFileReference; lastKnownFileType = sourcecode.swift; path = LikedWorksViewModel.swift; sourceTree = "<group>"; };
		2AC8BB422AD307F000143D2D /* LikedWorkViewModel.swift */ = {isa = PBXFileReference; lastKnownFileType = sourcecode.swift; path = LikedWorkViewModel.swift; sourceTree = "<group>"; };
		2AC8BB442AD30A2200143D2D /* LikedPosterCard.swift */ = {isa = PBXFileReference; lastKnownFileType = sourcecode.swift; path = LikedPosterCard.swift; sourceTree = "<group>"; };
		2AC8BB462AD316A000143D2D /* MyPageViewModel.swift */ = {isa = PBXFileReference; lastKnownFileType = sourcecode.swift; path = MyPageViewModel.swift; sourceTree = "<group>"; };
		2AC8BB482AD3F1B700143D2D /* ReviewService.swift */ = {isa = PBXFileReference; lastKnownFileType = sourcecode.swift; path = ReviewService.swift; sourceTree = "<group>"; };
		2AC8BB4A2AD4015700143D2D /* ReviewWriteScreen .swift */ = {isa = PBXFileReference; lastKnownFileType = sourcecode.swift; path = "ReviewWriteScreen .swift"; sourceTree = "<group>"; };
		2AC8BB4C2AD4191F00143D2D /* RatingStar.swift */ = {isa = PBXFileReference; lastKnownFileType = sourcecode.swift; path = RatingStar.swift; sourceTree = "<group>"; };
		2AC8BB4E2AD43A3E00143D2D /* CustomTextEditor.swift */ = {isa = PBXFileReference; lastKnownFileType = sourcecode.swift; path = CustomTextEditor.swift; sourceTree = "<group>"; };
		2AC8BB522AD5A33800143D2D /* AllReviewScreen.swift */ = {isa = PBXFileReference; lastKnownFileType = sourcecode.swift; path = AllReviewScreen.swift; sourceTree = "<group>"; };
		2AC8BB542AD5A5A300143D2D /* AllReviewViewModel.swift */ = {isa = PBXFileReference; lastKnownFileType = sourcecode.swift; path = AllReviewViewModel.swift; sourceTree = "<group>"; };
		2AC8BB562AD6E03D00143D2D /* RecentReviewScreen.swift */ = {isa = PBXFileReference; lastKnownFileType = sourcecode.swift; path = RecentReviewScreen.swift; sourceTree = "<group>"; };
		2AC8BB582AD6E36200143D2D /* RecentReviewViewModel.swift */ = {isa = PBXFileReference; lastKnownFileType = sourcecode.swift; path = RecentReviewViewModel.swift; sourceTree = "<group>"; };
		2AC8BB5A2AD7DC0C00143D2D /* MyReviewScreen.swift */ = {isa = PBXFileReference; lastKnownFileType = sourcecode.swift; path = MyReviewScreen.swift; sourceTree = "<group>"; };
		2AC8BB5C2AD7E08400143D2D /* MyReviewCard.swift */ = {isa = PBXFileReference; lastKnownFileType = sourcecode.swift; path = MyReviewCard.swift; sourceTree = "<group>"; };
		2AC8BB5E2AD83DB400143D2D /* ReviewDetailScreen.swift */ = {isa = PBXFileReference; lastKnownFileType = sourcecode.swift; path = ReviewDetailScreen.swift; sourceTree = "<group>"; };
		2AC8BB602AD9260600143D2D /* ReviewUpdateScreen.swift */ = {isa = PBXFileReference; lastKnownFileType = sourcecode.swift; path = ReviewUpdateScreen.swift; sourceTree = "<group>"; };
		2AF4E5772AA5D6A900ABE68C /* Cinexandria.app */ = {isa = PBXFileReference; explicitFileType = wrapper.application; includeInIndex = 0; path = Cinexandria.app; sourceTree = BUILT_PRODUCTS_DIR; };
		2AF4E57A2AA5D6A900ABE68C /* CinexandriaApp.swift */ = {isa = PBXFileReference; lastKnownFileType = sourcecode.swift; path = CinexandriaApp.swift; sourceTree = "<group>"; };
		2AF4E57E2AA5D6AA00ABE68C /* Assets.xcassets */ = {isa = PBXFileReference; lastKnownFileType = folder.assetcatalog; path = Assets.xcassets; sourceTree = "<group>"; };
		2AF4E5812AA5D6AA00ABE68C /* Preview Assets.xcassets */ = {isa = PBXFileReference; lastKnownFileType = folder.assetcatalog; path = "Preview Assets.xcassets"; sourceTree = "<group>"; };
		2AF4E5B02AA5D70B00ABE68C /* WebService.swift */ = {isa = PBXFileReference; fileEncoding = 4; lastKnownFileType = sourcecode.swift; path = WebService.swift; sourceTree = "<group>"; };
		2AF4E5B22AA5D70B00ABE68C /* ImageLoader.swift */ = {isa = PBXFileReference; fileEncoding = 4; lastKnownFileType = sourcecode.swift; path = ImageLoader.swift; sourceTree = "<group>"; };
		2AF4E5B42AA5D70B00ABE68C /* URLImage.swift */ = {isa = PBXFileReference; fileEncoding = 4; lastKnownFileType = sourcecode.swift; path = URLImage.swift; sourceTree = "<group>"; };
		2AF4E5B62AA5D70B00ABE68C /* HomeScreen.swift */ = {isa = PBXFileReference; fileEncoding = 4; lastKnownFileType = sourcecode.swift; path = HomeScreen.swift; sourceTree = "<group>"; };
		2AF4E5B92AA5D70B00ABE68C /* String+.swift */ = {isa = PBXFileReference; fileEncoding = 4; lastKnownFileType = sourcecode.swift; path = "String+.swift"; sourceTree = "<group>"; };
		2AF4E5BA2AA5D70B00ABE68C /* View+.swift */ = {isa = PBXFileReference; fileEncoding = 4; lastKnownFileType = sourcecode.swift; path = "View+.swift"; sourceTree = "<group>"; };
		2AF4E5BB2AA5D70B00ABE68C /* Date+.swift */ = {isa = PBXFileReference; fileEncoding = 4; lastKnownFileType = sourcecode.swift; path = "Date+.swift"; sourceTree = "<group>"; };
		2AF4E5BF2AA5D70B00ABE68C /* Constants.swift */ = {isa = PBXFileReference; fileEncoding = 4; lastKnownFileType = sourcecode.swift; path = Constants.swift; sourceTree = "<group>"; };
		2AF4E5C82AA5EEFA00ABE68C /* GoogleService-Info.plist */ = {isa = PBXFileReference; fileEncoding = 4; lastKnownFileType = text.plist.xml; path = "GoogleService-Info.plist"; sourceTree = "<group>"; };
		2AF4E5D92AA6418800ABE68C /* HomeView.swift */ = {isa = PBXFileReference; lastKnownFileType = sourcecode.swift; path = HomeView.swift; sourceTree = "<group>"; };
		2AF4E5DF2AA72DD800ABE68C /* ListTitleView.swift */ = {isa = PBXFileReference; lastKnownFileType = sourcecode.swift; path = ListTitleView.swift; sourceTree = "<group>"; };
		2AF4E5E12AA72DEB00ABE68C /* WorkList.swift */ = {isa = PBXFileReference; lastKnownFileType = sourcecode.swift; path = WorkList.swift; sourceTree = "<group>"; };
		2AF4E5E32AA72DF700ABE68C /* ReviewList.swift */ = {isa = PBXFileReference; lastKnownFileType = sourcecode.swift; path = ReviewList.swift; sourceTree = "<group>"; };
		2AF4E5E82AA733B900ABE68C /* TrendingSection.swift */ = {isa = PBXFileReference; lastKnownFileType = sourcecode.swift; path = TrendingSection.swift; sourceTree = "<group>"; };
		2AF4E5EC2AA7892200ABE68C /* Movie.swift */ = {isa = PBXFileReference; lastKnownFileType = sourcecode.swift; path = Movie.swift; sourceTree = "<group>"; };
		2AF4E5F22AA891FD00ABE68C /* WorkViewModel.swift */ = {isa = PBXFileReference; lastKnownFileType = sourcecode.swift; path = WorkViewModel.swift; sourceTree = "<group>"; };
		2AF4E5F42AA8D3EF00ABE68C /* TV.swift */ = {isa = PBXFileReference; lastKnownFileType = sourcecode.swift; path = TV.swift; sourceTree = "<group>"; };
		2AF4E5F62AA8E5BF00ABE68C /* TrendingViewModel.swift */ = {isa = PBXFileReference; lastKnownFileType = sourcecode.swift; path = TrendingViewModel.swift; sourceTree = "<group>"; };
		2AF4E5F82AA8E81D00ABE68C /* PosterCard.swift */ = {isa = PBXFileReference; lastKnownFileType = sourcecode.swift; path = PosterCard.swift; sourceTree = "<group>"; };
		2AF4E5FC2AA9CE9F00ABE68C /* Image+.swift */ = {isa = PBXFileReference; lastKnownFileType = sourcecode.swift; path = "Image+.swift"; sourceTree = "<group>"; };
		2AF4E5FE2AAA164C00ABE68C /* ReviewSection.swift */ = {isa = PBXFileReference; lastKnownFileType = sourcecode.swift; path = ReviewSection.swift; sourceTree = "<group>"; };
		2AF4E6002AAA193300ABE68C /* ReviewListViewModel.swift */ = {isa = PBXFileReference; lastKnownFileType = sourcecode.swift; name = ReviewListViewModel.swift; path = ../../../../../Desktop/ReviewListViewModel.swift; sourceTree = "<group>"; };
		2AF4E6022AAA1BEE00ABE68C /* ReviewViewModel.swift */ = {isa = PBXFileReference; lastKnownFileType = sourcecode.swift; path = ReviewViewModel.swift; sourceTree = "<group>"; };
		2AF4E6042AAA1DAA00ABE68C /* Review.swift */ = {isa = PBXFileReference; lastKnownFileType = sourcecode.swift; path = Review.swift; sourceTree = "<group>"; };
		2AF4E6062AAA258C00ABE68C /* ReviewCard.swift */ = {isa = PBXFileReference; lastKnownFileType = sourcecode.swift; path = ReviewCard.swift; sourceTree = "<group>"; };
		2AF4E6082AAB01FC00ABE68C /* TopRatedSection.swift */ = {isa = PBXFileReference; lastKnownFileType = sourcecode.swift; path = TopRatedSection.swift; sourceTree = "<group>"; };
		2AF4E60A2AAB048C00ABE68C /* TopRatedViewModel.swift */ = {isa = PBXFileReference; lastKnownFileType = sourcecode.swift; path = TopRatedViewModel.swift; sourceTree = "<group>"; };
		2AF4E60C2AAB1DFD00ABE68C /* WorkDetailViewModel.swift */ = {isa = PBXFileReference; lastKnownFileType = sourcecode.swift; path = WorkDetailViewModel.swift; sourceTree = "<group>"; };
		2AF4E60E2AAB812200ABE68C /* DetailViewModel.swift */ = {isa = PBXFileReference; lastKnownFileType = sourcecode.swift; path = DetailViewModel.swift; sourceTree = "<group>"; };
		2AF4E6122AAB902C00ABE68C /* DetailScreen.swift */ = {isa = PBXFileReference; lastKnownFileType = sourcecode.swift; path = DetailScreen.swift; sourceTree = "<group>"; };
		2AF4E6142AADD46C00ABE68C /* UINavigationController+.swift */ = {isa = PBXFileReference; lastKnownFileType = sourcecode.swift; path = "UINavigationController+.swift"; sourceTree = "<group>"; };
		2AF4E6162AB09A5200ABE68C /* Text+.swift */ = {isa = PBXFileReference; lastKnownFileType = sourcecode.swift; path = "Text+.swift"; sourceTree = "<group>"; };
		2AF4E61D2AB203CF00ABE68C /* CreditList.swift */ = {isa = PBXFileReference; lastKnownFileType = sourcecode.swift; path = CreditList.swift; sourceTree = "<group>"; };
		2AF4E61F2AB206E700ABE68C /* CreditViewModel.swift */ = {isa = PBXFileReference; lastKnownFileType = sourcecode.swift; path = CreditViewModel.swift; sourceTree = "<group>"; };
		2AF4E6212AB2ECE700ABE68C /* AllReviewList.swift */ = {isa = PBXFileReference; lastKnownFileType = sourcecode.swift; path = AllReviewList.swift; sourceTree = "<group>"; };
		2AF4E6232AB2EE0600ABE68C /* AllReviewCard.swift */ = {isa = PBXFileReference; lastKnownFileType = sourcecode.swift; path = AllReviewCard.swift; sourceTree = "<group>"; };
		4A2BC0949F564496A27DA503 /* Pods-Cinexandria.debug.xcconfig */ = {isa = PBXFileReference; includeInIndex = 1; lastKnownFileType = text.xcconfig; name = "Pods-Cinexandria.debug.xcconfig"; path = "Target Support Files/Pods-Cinexandria/Pods-Cinexandria.debug.xcconfig"; sourceTree = "<group>"; };
		66FD7126E202110B6B27110D /* Pods_Cinexandria.framework */ = {isa = PBXFileReference; explicitFileType = wrapper.framework; includeInIndex = 0; path = Pods_Cinexandria.framework; sourceTree = BUILT_PRODUCTS_DIR; };
/* End PBXFileReference section */

/* Begin PBXFrameworksBuildPhase section */
		2AF4E5742AA5D6A900ABE68C /* Frameworks */ = {
			isa = PBXFrameworksBuildPhase;
			buildActionMask = 2147483647;
			files = (
				2AC8BB102AC486E700143D2D /* GoogleSignInSwift in Frameworks */,
				2AC8BB222AC8338400143D2D /* KakaoSDKUser in Frameworks */,
				2AF4E61A2AB1B0DD00ABE68C /* YouTubePlayerKit in Frameworks */,
				2AC8BB0E2AC486E700143D2D /* GoogleSignIn in Frameworks */,
				2AC8BB192AC72FB400143D2D /* Pods_Cinexandria.framework in Frameworks */,
				2AF4E5D22AA5F86C00ABE68C /* FirebaseFirestore in Frameworks */,
				2AF4E5CE2AA5F86C00ABE68C /* FirebaseDatabase in Frameworks */,
				2AF4E5CC2AA5F86C00ABE68C /* FirebaseAuth in Frameworks */,
				2AF4E5D62AA5F86C00ABE68C /* FirebaseStorage in Frameworks */,
				2AC8BB202AC8338400143D2D /* KakaoSDKCommon in Frameworks */,
				2AC8BB1E2AC8338400143D2D /* KakaoSDKAuth in Frameworks */,
			);
			runOnlyForDeploymentPostprocessing = 0;
		};
/* End PBXFrameworksBuildPhase section */

/* Begin PBXGroup section */
		2AC8BB052AC45B6600143D2D /* MyPageScreen */ = {
			isa = PBXGroup;
			children = (
				2AC8BB032AC45B4B00143D2D /* MyPageView.swift */,
				2AC8BB062AC45B8600143D2D /* LoginView.swift */,
				2AC8BB232AC97DC000143D2D /* AvatarView.swift */,
				2AC8BB252AC9B6A600143D2D /* MyPageListCell.swift */,
			);
			path = MyPageScreen;
			sourceTree = "<group>";
		};
		2AF4E56E2AA5D6A900ABE68C = {
			isa = PBXGroup;
			children = (
				2AF4E5792AA5D6A900ABE68C /* Cinexandria */,
				2AF4E5782AA5D6A900ABE68C /* Products */,
				2C2BFE2EB1D52F8924C4A034 /* Pods */,
				E2D163F73188DD7646158030 /* Frameworks */,
			);
			sourceTree = "<group>";
		};
		2AF4E5782AA5D6A900ABE68C /* Products */ = {
			isa = PBXGroup;
			children = (
				2AF4E5772AA5D6A900ABE68C /* Cinexandria.app */,
			);
			name = Products;
			sourceTree = "<group>";
		};
		2AF4E5792AA5D6A900ABE68C /* Cinexandria */ = {
			isa = PBXGroup;
			children = (
				2AC8BB142AC5717600143D2D /* Cinexandria.entitlements */,
				2AC8BB112AC4886800143D2D /* Info.plist */,
				2AF4E5C82AA5EEFA00ABE68C /* GoogleService-Info.plist */,
				2AF4E57A2AA5D6A900ABE68C /* CinexandriaApp.swift */,
				2AF4E57E2AA5D6AA00ABE68C /* Assets.xcassets */,
				2AF4E5B82AA5D70B00ABE68C /* Extensions */,
				2AF4E5BC2AA5D70B00ABE68C /* Global State */,
				2AF4E5B12AA5D70B00ABE68C /* Loaders */,
				2AF4E5B72AA5D70B00ABE68C /* Models */,
				2AF4E5B52AA5D70B00ABE68C /* Screens */,
				2AF4E5AF2AA5D70B00ABE68C /* Services */,
				2AF4E5BE2AA5D70B00ABE68C /* Utils */,
				2AF4E5BD2AA5D70B00ABE68C /* ViewModels */,
				2AF4E5B32AA5D70B00ABE68C /* Views */,
				2AF4E5802AA5D6AA00ABE68C /* Preview Content */,
			);
			path = Cinexandria;
			sourceTree = "<group>";
		};
		2AF4E5802AA5D6AA00ABE68C /* Preview Content */ = {
			isa = PBXGroup;
			children = (
				2AF4E5812AA5D6AA00ABE68C /* Preview Assets.xcassets */,
			);
			path = "Preview Content";
			sourceTree = "<group>";
		};
		2AF4E5AF2AA5D70B00ABE68C /* Services */ = {
			isa = PBXGroup;
			children = (
				2AF4E5B02AA5D70B00ABE68C /* WebService.swift */,
				2AC8BAFF2AC2C52B00143D2D /* LocalData.swift */,
				2AC8BB152AC57D7700143D2D /* AppleSignIn.swift */,
				2AC8BB2B2ACAB85D00143D2D /* UserService.swift */,
				2AC8BB482AD3F1B700143D2D /* ReviewService.swift */,
			);
			path = Services;
			sourceTree = "<group>";
		};
		2AF4E5B12AA5D70B00ABE68C /* Loaders */ = {
			isa = PBXGroup;
			children = (
				2AF4E5B22AA5D70B00ABE68C /* ImageLoader.swift */,
			);
			path = Loaders;
			sourceTree = "<group>";
		};
		2AF4E5B32AA5D70B00ABE68C /* Views */ = {
			isa = PBXGroup;
			children = (
				2AC8BB052AC45B6600143D2D /* MyPageScreen */,
				2AF4E5E52AA72F2000ABE68C /* Sections */,
				2AF4E5B42AA5D70B00ABE68C /* URLImage.swift */,
				2AF4E5D92AA6418800ABE68C /* HomeView.swift */,
				2AF4E5DF2AA72DD800ABE68C /* ListTitleView.swift */,
				2AF4E5E12AA72DEB00ABE68C /* WorkList.swift */,
				2AF4E5E32AA72DF700ABE68C /* ReviewList.swift */,
				2AF4E5F82AA8E81D00ABE68C /* PosterCard.swift */,
				2AF4E6062AAA258C00ABE68C /* ReviewCard.swift */,
				2AF4E61D2AB203CF00ABE68C /* CreditList.swift */,
				2AF4E6212AB2ECE700ABE68C /* AllReviewList.swift */,
				2AF4E6232AB2EE0600ABE68C /* AllReviewCard.swift */,
				2AC8BAE12AB4A04A00143D2D /* CustomEmptyView.swift */,
				2AC8BAED2ABDA3DA00143D2D /* ScrollTopButton.swift */,
				2AC8BAF72ABF0B9F00143D2D /* SearchList.swift */,
				2AC8BAF92AC0452E00143D2D /* SearchResultCard.swift */,
				2AC8BAFD2AC1F52500143D2D /* RecentSearchView.swift */,
				2AC8BB082AC4606000143D2D /* SocialLoginButton.swift */,
				2AC8BB322ACC202300143D2D /* CustomTextField.swift */,
				2AC8BB442AD30A2200143D2D /* LikedPosterCard.swift */,
				2AC8BB4C2AD4191F00143D2D /* RatingStar.swift */,
				2AC8BB4E2AD43A3E00143D2D /* CustomTextEditor.swift */,
				2AC8BB5C2AD7E08400143D2D /* MyReviewCard.swift */,
			);
			path = Views;
			sourceTree = "<group>";
		};
		2AF4E5B52AA5D70B00ABE68C /* Screens */ = {
			isa = PBXGroup;
			children = (
				2AF4E5B62AA5D70B00ABE68C /* HomeScreen.swift */,
				2AF4E6122AAB902C00ABE68C /* DetailScreen.swift */,
				2AC8BAE52AB9FF5200143D2D /* GridScreen.swift */,
				2AC8BAEF2ABEE66900143D2D /* SearchScreen.swift */,
				2AC8BAFB2AC191CE00143D2D /* SearchGridScreen.swift */,
				2AC8BB012AC444D700143D2D /* MyPageScreen.swift */,
				2AC8BB2F2ACC19C700143D2D /* ProfileEditScreen.swift */,
				2AC8BB3E2AD1781800143D2D /* LikedWorksScreen.swift */,
				2AC8BB4A2AD4015700143D2D /* ReviewWriteScreen .swift */,
				2AC8BB522AD5A33800143D2D /* AllReviewScreen.swift */,
				2AC8BB562AD6E03D00143D2D /* RecentReviewScreen.swift */,
				2AC8BB5A2AD7DC0C00143D2D /* MyReviewScreen.swift */,
				2AC8BB5E2AD83DB400143D2D /* ReviewDetailScreen.swift */,
				2AC8BB602AD9260600143D2D /* ReviewUpdateScreen.swift */,
			);
			path = Screens;
			sourceTree = "<group>";
		};
		2AF4E5B72AA5D70B00ABE68C /* Models */ = {
			isa = PBXGroup;
			children = (
				2AF4E5EC2AA7892200ABE68C /* Movie.swift */,
				2AF4E5F42AA8D3EF00ABE68C /* TV.swift */,
				2AF4E6042AAA1DAA00ABE68C /* Review.swift */,
				2AC8BAF12ABEEE2200143D2D /* Search.swift */,
				2AC8BB172AC7249F00143D2D /* NaverInfoResponse.swift */,
				2AC8BB2D2ACACED100143D2D /* User.swift */,
			);
			path = Models;
			sourceTree = "<group>";
		};
		2AF4E5B82AA5D70B00ABE68C /* Extensions */ = {
			isa = PBXGroup;
			children = (
				2AF4E5B92AA5D70B00ABE68C /* String+.swift */,
				2AF4E5BA2AA5D70B00ABE68C /* View+.swift */,
				2AF4E5BB2AA5D70B00ABE68C /* Date+.swift */,
				2AF4E5FC2AA9CE9F00ABE68C /* Image+.swift */,
				2AF4E6142AADD46C00ABE68C /* UINavigationController+.swift */,
				2AF4E6162AB09A5200ABE68C /* Text+.swift */,
				2AC8BB382ACEF66300143D2D /* UIImage+.swift */,
				2AC8BB3A2ACF0E4700143D2D /* Storage+.swift */,
			);
			path = Extensions;
			sourceTree = "<group>";
		};
		2AF4E5BC2AA5D70B00ABE68C /* Global State */ = {
			isa = PBXGroup;
			children = (
				2AC8BAE32AB8AD8400143D2D /* AppState.swift */,
			);
			path = "Global State";
			sourceTree = "<group>";
		};
		2AF4E5BD2AA5D70B00ABE68C /* ViewModels */ = {
			isa = PBXGroup;
			children = (
				2AF4E5F22AA891FD00ABE68C /* WorkViewModel.swift */,
				2AF4E5F62AA8E5BF00ABE68C /* TrendingViewModel.swift */,
				2AF4E6002AAA193300ABE68C /* ReviewListViewModel.swift */,
				2AF4E6022AAA1BEE00ABE68C /* ReviewViewModel.swift */,
				2AF4E60A2AAB048C00ABE68C /* TopRatedViewModel.swift */,
				2AF4E60C2AAB1DFD00ABE68C /* WorkDetailViewModel.swift */,
				2AF4E60E2AAB812200ABE68C /* DetailViewModel.swift */,
				2AF4E61F2AB206E700ABE68C /* CreditViewModel.swift */,
				2AC8BAE92ABC386D00143D2D /* GridViewModel.swift */,
				2AC8BAF32ABEEF2C00143D2D /* SearchViewModel.swift */,
				2AC8BAF52ABF049100143D2D /* SearchResultViewModel.swift */,
				2AC8BB0A2AC4790000143D2D /* LoginViewModel.swift */,
				2AC8BB362ACEE3CF00143D2D /* ProfileEditViewModel.swift */,
				2AC8BB402AD17E9900143D2D /* LikedWorksViewModel.swift */,
				2AC8BB422AD307F000143D2D /* LikedWorkViewModel.swift */,
				2AC8BB462AD316A000143D2D /* MyPageViewModel.swift */,
				2AC8BB542AD5A5A300143D2D /* AllReviewViewModel.swift */,
				2AC8BB582AD6E36200143D2D /* RecentReviewViewModel.swift */,
			);
			path = ViewModels;
			sourceTree = "<group>";
		};
		2AF4E5BE2AA5D70B00ABE68C /* Utils */ = {
			isa = PBXGroup;
			children = (
				2AF4E5BF2AA5D70B00ABE68C /* Constants.swift */,
				2AC8BAE72ABB4B2300143D2D /* Theme.swift */,
				2AC8BB122AC48AAB00143D2D /* Utils.swift */,
				2AC8BB342ACD61DF00143D2D /* ImagePicker.swift */,
				2AC8BB3C2AD0686500143D2D /* VerticalLabelStyle.swift */,
			);
			path = Utils;
			sourceTree = "<group>";
		};
		2AF4E5E52AA72F2000ABE68C /* Sections */ = {
			isa = PBXGroup;
			children = (
				2AF4E5E82AA733B900ABE68C /* TrendingSection.swift */,
				2AF4E5FE2AAA164C00ABE68C /* ReviewSection.swift */,
				2AF4E6082AAB01FC00ABE68C /* TopRatedSection.swift */,
			);
			path = Sections;
			sourceTree = "<group>";
		};
		2C2BFE2EB1D52F8924C4A034 /* Pods */ = {
			isa = PBXGroup;
			children = (
				4A2BC0949F564496A27DA503 /* Pods-Cinexandria.debug.xcconfig */,
				0BAE3CCAB9BAE32522425E5E /* Pods-Cinexandria.release.xcconfig */,
			);
			path = Pods;
			sourceTree = "<group>";
		};
		E2D163F73188DD7646158030 /* Frameworks */ = {
			isa = PBXGroup;
			children = (
				66FD7126E202110B6B27110D /* Pods_Cinexandria.framework */,
			);
			name = Frameworks;
			sourceTree = "<group>";
		};
/* End PBXGroup section */

/* Begin PBXNativeTarget section */
		2AF4E5762AA5D6A900ABE68C /* Cinexandria */ = {
			isa = PBXNativeTarget;
			buildConfigurationList = 2AF4E5852AA5D6AA00ABE68C /* Build configuration list for PBXNativeTarget "Cinexandria" */;
			buildPhases = (
				7A0F8AE6E0E1BF6BBEA8C455 /* [CP] Check Pods Manifest.lock */,
				2AF4E5732AA5D6A900ABE68C /* Sources */,
				2AF4E5742AA5D6A900ABE68C /* Frameworks */,
				2AF4E5752AA5D6A900ABE68C /* Resources */,
				4983F0C99D78C0912735FD16 /* [CP] Embed Pods Frameworks */,
			);
			buildRules = (
			);
			dependencies = (
			);
			name = Cinexandria;
			packageProductDependencies = (
				2AF4E5CB2AA5F86C00ABE68C /* FirebaseAuth */,
				2AF4E5CD2AA5F86C00ABE68C /* FirebaseDatabase */,
				2AF4E5D12AA5F86C00ABE68C /* FirebaseFirestore */,
				2AF4E5D52AA5F86C00ABE68C /* FirebaseStorage */,
				2AF4E6192AB1B0DD00ABE68C /* YouTubePlayerKit */,
				2AC8BB0D2AC486E700143D2D /* GoogleSignIn */,
				2AC8BB0F2AC486E700143D2D /* GoogleSignInSwift */,
				2AC8BB1D2AC8338400143D2D /* KakaoSDKAuth */,
				2AC8BB1F2AC8338400143D2D /* KakaoSDKCommon */,
				2AC8BB212AC8338400143D2D /* KakaoSDKUser */,
			);
			productName = Cinexandria;
			productReference = 2AF4E5772AA5D6A900ABE68C /* Cinexandria.app */;
			productType = "com.apple.product-type.application";
		};
/* End PBXNativeTarget section */

/* Begin PBXProject section */
		2AF4E56F2AA5D6A900ABE68C /* Project object */ = {
			isa = PBXProject;
			attributes = {
				BuildIndependentTargetsInParallel = 1;
				LastSwiftUpdateCheck = 1420;
				LastUpgradeCheck = 1420;
				TargetAttributes = {
					2AF4E5762AA5D6A900ABE68C = {
						CreatedOnToolsVersion = 14.2;
					};
				};
			};
			buildConfigurationList = 2AF4E5722AA5D6A900ABE68C /* Build configuration list for PBXProject "Cinexandria" */;
			compatibilityVersion = "Xcode 14.0";
			developmentRegion = en;
			hasScannedForEncodings = 0;
			knownRegions = (
				en,
				Base,
			);
			mainGroup = 2AF4E56E2AA5D6A900ABE68C;
			packageReferences = (
				2AF4E5CA2AA5F86C00ABE68C /* XCRemoteSwiftPackageReference "firebase-ios-sdk" */,
				2AF4E6182AB1B0DD00ABE68C /* XCRemoteSwiftPackageReference "YouTubePlayerKit" */,
				2AC8BB0C2AC486E700143D2D /* XCRemoteSwiftPackageReference "GoogleSignIn-iOS" */,
				2AC8BB1C2AC8338400143D2D /* XCRemoteSwiftPackageReference "kakao-ios-sdk" */,
			);
			productRefGroup = 2AF4E5782AA5D6A900ABE68C /* Products */;
			projectDirPath = "";
			projectRoot = "";
			targets = (
				2AF4E5762AA5D6A900ABE68C /* Cinexandria */,
			);
		};
/* End PBXProject section */

/* Begin PBXResourcesBuildPhase section */
		2AF4E5752AA5D6A900ABE68C /* Resources */ = {
			isa = PBXResourcesBuildPhase;
			buildActionMask = 2147483647;
			files = (
				2AF4E5822AA5D6AA00ABE68C /* Preview Assets.xcassets in Resources */,
				2AF4E57F2AA5D6AA00ABE68C /* Assets.xcassets in Resources */,
				2AF4E5C92AA5EEFA00ABE68C /* GoogleService-Info.plist in Resources */,
			);
			runOnlyForDeploymentPostprocessing = 0;
		};
/* End PBXResourcesBuildPhase section */

/* Begin PBXShellScriptBuildPhase section */
		4983F0C99D78C0912735FD16 /* [CP] Embed Pods Frameworks */ = {
			isa = PBXShellScriptBuildPhase;
			buildActionMask = 2147483647;
			files = (
			);
			inputFileListPaths = (
				"${PODS_ROOT}/Target Support Files/Pods-Cinexandria/Pods-Cinexandria-frameworks-${CONFIGURATION}-input-files.xcfilelist",
			);
			name = "[CP] Embed Pods Frameworks";
			outputFileListPaths = (
				"${PODS_ROOT}/Target Support Files/Pods-Cinexandria/Pods-Cinexandria-frameworks-${CONFIGURATION}-output-files.xcfilelist",
			);
			runOnlyForDeploymentPostprocessing = 0;
			shellPath = /bin/sh;
			shellScript = "\"${PODS_ROOT}/Target Support Files/Pods-Cinexandria/Pods-Cinexandria-frameworks.sh\"\n";
			showEnvVarsInLog = 0;
		};
		7A0F8AE6E0E1BF6BBEA8C455 /* [CP] Check Pods Manifest.lock */ = {
			isa = PBXShellScriptBuildPhase;
			buildActionMask = 2147483647;
			files = (
			);
			inputFileListPaths = (
			);
			inputPaths = (
				"${PODS_PODFILE_DIR_PATH}/Podfile.lock",
				"${PODS_ROOT}/Manifest.lock",
			);
			name = "[CP] Check Pods Manifest.lock";
			outputFileListPaths = (
			);
			outputPaths = (
				"$(DERIVED_FILE_DIR)/Pods-Cinexandria-checkManifestLockResult.txt",
			);
			runOnlyForDeploymentPostprocessing = 0;
			shellPath = /bin/sh;
			shellScript = "diff \"${PODS_PODFILE_DIR_PATH}/Podfile.lock\" \"${PODS_ROOT}/Manifest.lock\" > /dev/null\nif [ $? != 0 ] ; then\n    # print error to STDERR\n    echo \"error: The sandbox is not in sync with the Podfile.lock. Run 'pod install' or update your CocoaPods installation.\" >&2\n    exit 1\nfi\n# This output is used by Xcode 'outputs' to avoid re-running this script phase.\necho \"SUCCESS\" > \"${SCRIPT_OUTPUT_FILE_0}\"\n";
			showEnvVarsInLog = 0;
		};
/* End PBXShellScriptBuildPhase section */

/* Begin PBXSourcesBuildPhase section */
		2AF4E5732AA5D6A900ABE68C /* Sources */ = {
			isa = PBXSourcesBuildPhase;
			buildActionMask = 2147483647;
			files = (
				2AC8BAFA2AC0452E00143D2D /* SearchResultCard.swift in Sources */,
				2AC8BB4F2AD43A3E00143D2D /* CustomTextEditor.swift in Sources */,
				2AF4E6152AADD46C00ABE68C /* UINavigationController+.swift in Sources */,
				2AF4E5C62AA5D70B00ABE68C /* Date+.swift in Sources */,
				2AC8BAFC2AC191CE00143D2D /* SearchGridScreen.swift in Sources */,
				2AC8BB552AD5A5A300143D2D /* AllReviewViewModel.swift in Sources */,
				2AF4E61E2AB203CF00ABE68C /* CreditList.swift in Sources */,
				2AF4E5E22AA72DEB00ABE68C /* WorkList.swift in Sources */,
				2AF4E60F2AAB812200ABE68C /* DetailViewModel.swift in Sources */,
				2AC8BAFE2AC1F52500143D2D /* RecentSearchView.swift in Sources */,
				2AF4E5F32AA891FD00ABE68C /* WorkViewModel.swift in Sources */,
				2AC8BAF42ABEEF2C00143D2D /* SearchViewModel.swift in Sources */,
				2AC8BAE22AB4A04A00143D2D /* CustomEmptyView.swift in Sources */,
				2AF4E5C02AA5D70B00ABE68C /* WebService.swift in Sources */,
				2AF4E6202AB206E800ABE68C /* CreditViewModel.swift in Sources */,
				2AC8BB242AC97DC000143D2D /* AvatarView.swift in Sources */,
				2AF4E5C32AA5D70B00ABE68C /* HomeScreen.swift in Sources */,
				2AF4E5C12AA5D70B00ABE68C /* ImageLoader.swift in Sources */,
				2AC8BB132AC48AAB00143D2D /* Utils.swift in Sources */,
				2AC8BB472AD316A100143D2D /* MyPageViewModel.swift in Sources */,
				2AC8BB002AC2C52B00143D2D /* LocalData.swift in Sources */,
				2AF4E5ED2AA7892200ABE68C /* Movie.swift in Sources */,
				2AC8BB372ACEE3CF00143D2D /* ProfileEditViewModel.swift in Sources */,
				2AF4E5DA2AA6418800ABE68C /* HomeView.swift in Sources */,
				2AF4E5E42AA72DF700ABE68C /* ReviewList.swift in Sources */,
				2AF4E5C72AA5D70B00ABE68C /* Constants.swift in Sources */,
				2AC8BB5F2AD83DB400143D2D /* ReviewDetailScreen.swift in Sources */,
				2AC8BB0B2AC4790000143D2D /* LoginViewModel.swift in Sources */,
				2AC8BB492AD3F1B700143D2D /* ReviewService.swift in Sources */,
				2AC8BB532AD5A33800143D2D /* AllReviewScreen.swift in Sources */,
				2AF4E5C52AA5D70B00ABE68C /* View+.swift in Sources */,
				2AF4E5C22AA5D70B00ABE68C /* URLImage.swift in Sources */,
				2AC8BAE82ABB4B2300143D2D /* Theme.swift in Sources */,
				2AC8BB432AD307F000143D2D /* LikedWorkViewModel.swift in Sources */,
				2AC8BAF82ABF0B9F00143D2D /* SearchList.swift in Sources */,
				2AC8BB022AC444D700143D2D /* MyPageScreen.swift in Sources */,
				2AF4E5E92AA733B900ABE68C /* TrendingSection.swift in Sources */,
				2AF4E5C42AA5D70B00ABE68C /* String+.swift in Sources */,
				2AC8BB4D2AD4191F00143D2D /* RatingStar.swift in Sources */,
				2AC8BB092AC4606000143D2D /* SocialLoginButton.swift in Sources */,
				2AC8BB5B2AD7DC0C00143D2D /* MyReviewScreen.swift in Sources */,
				2AF4E6012AAA193300ABE68C /* ReviewListViewModel.swift in Sources */,
				2AC8BB5D2AD7E08400143D2D /* MyReviewCard.swift in Sources */,
				2AF4E57B2AA5D6A900ABE68C /* CinexandriaApp.swift in Sources */,
				2AC8BB182AC7249F00143D2D /* NaverInfoResponse.swift in Sources */,
				2AC8BAE42AB8AD8400143D2D /* AppState.swift in Sources */,
				2AF4E6032AAA1BEE00ABE68C /* ReviewViewModel.swift in Sources */,
				2AC8BB612AD9260600143D2D /* ReviewUpdateScreen.swift in Sources */,
				2AC8BB392ACEF66300143D2D /* UIImage+.swift in Sources */,
				2AC8BB162AC57D7700143D2D /* AppleSignIn.swift in Sources */,
				2AC8BB412AD17E9900143D2D /* LikedWorksViewModel.swift in Sources */,
				2AF4E6072AAA258C00ABE68C /* ReviewCard.swift in Sources */,
				2AF4E60D2AAB1DFD00ABE68C /* WorkDetailViewModel.swift in Sources */,
				2AC8BB332ACC202300143D2D /* CustomTextField.swift in Sources */,
				2AF4E6242AB2EE0600ABE68C /* AllReviewCard.swift in Sources */,
				2AC8BB262AC9B6A600143D2D /* MyPageListCell.swift in Sources */,
				2AC8BB302ACC19C700143D2D /* ProfileEditScreen.swift in Sources */,
				2AC8BB2E2ACACED100143D2D /* User.swift in Sources */,
				2AF4E6132AAB902C00ABE68C /* DetailScreen.swift in Sources */,
				2AC8BAEE2ABDA3DA00143D2D /* ScrollTopButton.swift in Sources */,
				2AF4E6172AB09A5200ABE68C /* Text+.swift in Sources */,
				2AC8BB2C2ACAB85D00143D2D /* UserService.swift in Sources */,
				2AF4E6052AAA1DAA00ABE68C /* Review.swift in Sources */,
				2AC8BAEA2ABC386D00143D2D /* GridViewModel.swift in Sources */,
				2AC8BB042AC45B4B00143D2D /* MyPageView.swift in Sources */,
				2AC8BB352ACD61DF00143D2D /* ImagePicker.swift in Sources */,
				2AC8BAF02ABEE66900143D2D /* SearchScreen.swift in Sources */,
				2AC8BAF22ABEEE2200143D2D /* Search.swift in Sources */,
				2AC8BB4B2AD4015700143D2D /* ReviewWriteScreen .swift in Sources */,
				2AC8BAF62ABF049100143D2D /* SearchResultViewModel.swift in Sources */,
				2AF4E5F72AA8E5BF00ABE68C /* TrendingViewModel.swift in Sources */,
				2AC8BB3D2AD0686600143D2D /* VerticalLabelStyle.swift in Sources */,
				2AF4E5F52AA8D3EF00ABE68C /* TV.swift in Sources */,
				2AC8BAE62AB9FF5200143D2D /* GridScreen.swift in Sources */,
				2AF4E5FD2AA9CE9F00ABE68C /* Image+.swift in Sources */,
				2AF4E60B2AAB048C00ABE68C /* TopRatedViewModel.swift in Sources */,
				2AC8BB572AD6E03D00143D2D /* RecentReviewScreen.swift in Sources */,
				2AC8BB3B2ACF0E4700143D2D /* Storage+.swift in Sources */,
				2AC8BB072AC45B8600143D2D /* LoginView.swift in Sources */,
				2AC8BB3F2AD1781800143D2D /* LikedWorksScreen.swift in Sources */,
				2AC8BB452AD30A2200143D2D /* LikedPosterCard.swift in Sources */,
				2AF4E6092AAB01FC00ABE68C /* TopRatedSection.swift in Sources */,
				2AF4E5FF2AAA164C00ABE68C /* ReviewSection.swift in Sources */,
				2AF4E5F92AA8E81D00ABE68C /* PosterCard.swift in Sources */,
				2AC8BB592AD6E36200143D2D /* RecentReviewViewModel.swift in Sources */,
				2AF4E5E02AA72DD800ABE68C /* ListTitleView.swift in Sources */,
				2AF4E6222AB2ECE700ABE68C /* AllReviewList.swift in Sources */,
			);
			runOnlyForDeploymentPostprocessing = 0;
		};
/* End PBXSourcesBuildPhase section */

/* Begin XCBuildConfiguration section */
		2AF4E5832AA5D6AA00ABE68C /* Debug */ = {
			isa = XCBuildConfiguration;
			buildSettings = {
				ALWAYS_SEARCH_USER_PATHS = NO;
				CLANG_ANALYZER_NONNULL = YES;
				CLANG_ANALYZER_NUMBER_OBJECT_CONVERSION = YES_AGGRESSIVE;
				CLANG_CXX_LANGUAGE_STANDARD = "gnu++20";
				CLANG_ENABLE_MODULES = YES;
				CLANG_ENABLE_OBJC_ARC = YES;
				CLANG_ENABLE_OBJC_WEAK = YES;
				CLANG_WARN_BLOCK_CAPTURE_AUTORELEASING = YES;
				CLANG_WARN_BOOL_CONVERSION = YES;
				CLANG_WARN_COMMA = YES;
				CLANG_WARN_CONSTANT_CONVERSION = YES;
				CLANG_WARN_DEPRECATED_OBJC_IMPLEMENTATIONS = YES;
				CLANG_WARN_DIRECT_OBJC_ISA_USAGE = YES_ERROR;
				CLANG_WARN_DOCUMENTATION_COMMENTS = YES;
				CLANG_WARN_EMPTY_BODY = YES;
				CLANG_WARN_ENUM_CONVERSION = YES;
				CLANG_WARN_INFINITE_RECURSION = YES;
				CLANG_WARN_INT_CONVERSION = YES;
				CLANG_WARN_NON_LITERAL_NULL_CONVERSION = YES;
				CLANG_WARN_OBJC_IMPLICIT_RETAIN_SELF = YES;
				CLANG_WARN_OBJC_LITERAL_CONVERSION = YES;
				CLANG_WARN_OBJC_ROOT_CLASS = YES_ERROR;
				CLANG_WARN_QUOTED_INCLUDE_IN_FRAMEWORK_HEADER = YES;
				CLANG_WARN_RANGE_LOOP_ANALYSIS = YES;
				CLANG_WARN_STRICT_PROTOTYPES = YES;
				CLANG_WARN_SUSPICIOUS_MOVE = YES;
				CLANG_WARN_UNGUARDED_AVAILABILITY = YES_AGGRESSIVE;
				CLANG_WARN_UNREACHABLE_CODE = YES;
				CLANG_WARN__DUPLICATE_METHOD_MATCH = YES;
				COPY_PHASE_STRIP = NO;
				DEBUG_INFORMATION_FORMAT = dwarf;
				ENABLE_STRICT_OBJC_MSGSEND = YES;
				ENABLE_TESTABILITY = YES;
				GCC_C_LANGUAGE_STANDARD = gnu11;
				GCC_DYNAMIC_NO_PIC = NO;
				GCC_NO_COMMON_BLOCKS = YES;
				GCC_OPTIMIZATION_LEVEL = 0;
				GCC_PREPROCESSOR_DEFINITIONS = (
					"DEBUG=1",
					"$(inherited)",
				);
				GCC_WARN_64_TO_32_BIT_CONVERSION = YES;
				GCC_WARN_ABOUT_RETURN_TYPE = YES_ERROR;
				GCC_WARN_UNDECLARED_SELECTOR = YES;
				GCC_WARN_UNINITIALIZED_AUTOS = YES_AGGRESSIVE;
				GCC_WARN_UNUSED_FUNCTION = YES;
				GCC_WARN_UNUSED_VARIABLE = YES;
				IPHONEOS_DEPLOYMENT_TARGET = 16.0;
				MTL_ENABLE_DEBUG_INFO = INCLUDE_SOURCE;
				MTL_FAST_MATH = YES;
				ONLY_ACTIVE_ARCH = YES;
				SDKROOT = iphoneos;
				SWIFT_ACTIVE_COMPILATION_CONDITIONS = DEBUG;
				SWIFT_OPTIMIZATION_LEVEL = "-Onone";
			};
			name = Debug;
		};
		2AF4E5842AA5D6AA00ABE68C /* Release */ = {
			isa = XCBuildConfiguration;
			buildSettings = {
				ALWAYS_SEARCH_USER_PATHS = NO;
				CLANG_ANALYZER_NONNULL = YES;
				CLANG_ANALYZER_NUMBER_OBJECT_CONVERSION = YES_AGGRESSIVE;
				CLANG_CXX_LANGUAGE_STANDARD = "gnu++20";
				CLANG_ENABLE_MODULES = YES;
				CLANG_ENABLE_OBJC_ARC = YES;
				CLANG_ENABLE_OBJC_WEAK = YES;
				CLANG_WARN_BLOCK_CAPTURE_AUTORELEASING = YES;
				CLANG_WARN_BOOL_CONVERSION = YES;
				CLANG_WARN_COMMA = YES;
				CLANG_WARN_CONSTANT_CONVERSION = YES;
				CLANG_WARN_DEPRECATED_OBJC_IMPLEMENTATIONS = YES;
				CLANG_WARN_DIRECT_OBJC_ISA_USAGE = YES_ERROR;
				CLANG_WARN_DOCUMENTATION_COMMENTS = YES;
				CLANG_WARN_EMPTY_BODY = YES;
				CLANG_WARN_ENUM_CONVERSION = YES;
				CLANG_WARN_INFINITE_RECURSION = YES;
				CLANG_WARN_INT_CONVERSION = YES;
				CLANG_WARN_NON_LITERAL_NULL_CONVERSION = YES;
				CLANG_WARN_OBJC_IMPLICIT_RETAIN_SELF = YES;
				CLANG_WARN_OBJC_LITERAL_CONVERSION = YES;
				CLANG_WARN_OBJC_ROOT_CLASS = YES_ERROR;
				CLANG_WARN_QUOTED_INCLUDE_IN_FRAMEWORK_HEADER = YES;
				CLANG_WARN_RANGE_LOOP_ANALYSIS = YES;
				CLANG_WARN_STRICT_PROTOTYPES = YES;
				CLANG_WARN_SUSPICIOUS_MOVE = YES;
				CLANG_WARN_UNGUARDED_AVAILABILITY = YES_AGGRESSIVE;
				CLANG_WARN_UNREACHABLE_CODE = YES;
				CLANG_WARN__DUPLICATE_METHOD_MATCH = YES;
				COPY_PHASE_STRIP = NO;
				DEBUG_INFORMATION_FORMAT = "dwarf-with-dsym";
				ENABLE_NS_ASSERTIONS = NO;
				ENABLE_STRICT_OBJC_MSGSEND = YES;
				GCC_C_LANGUAGE_STANDARD = gnu11;
				GCC_NO_COMMON_BLOCKS = YES;
				GCC_WARN_64_TO_32_BIT_CONVERSION = YES;
				GCC_WARN_ABOUT_RETURN_TYPE = YES_ERROR;
				GCC_WARN_UNDECLARED_SELECTOR = YES;
				GCC_WARN_UNINITIALIZED_AUTOS = YES_AGGRESSIVE;
				GCC_WARN_UNUSED_FUNCTION = YES;
				GCC_WARN_UNUSED_VARIABLE = YES;
				IPHONEOS_DEPLOYMENT_TARGET = 16.0;
				MTL_ENABLE_DEBUG_INFO = NO;
				MTL_FAST_MATH = YES;
				SDKROOT = iphoneos;
				SWIFT_COMPILATION_MODE = wholemodule;
				SWIFT_OPTIMIZATION_LEVEL = "-O";
				VALIDATE_PRODUCT = YES;
			};
			name = Release;
		};
		2AF4E5862AA5D6AA00ABE68C /* Debug */ = {
			isa = XCBuildConfiguration;
			baseConfigurationReference = 4A2BC0949F564496A27DA503 /* Pods-Cinexandria.debug.xcconfig */;
			buildSettings = {
				ASSETCATALOG_COMPILER_APPICON_NAME = AppIcon;
				ASSETCATALOG_COMPILER_GLOBAL_ACCENT_COLOR_NAME = AccentColor;
				CODE_SIGN_ENTITLEMENTS = Cinexandria/Cinexandria.entitlements;
				CODE_SIGN_STYLE = Automatic;
				CURRENT_PROJECT_VERSION = 1;
				DEVELOPMENT_ASSET_PATHS = "\"Cinexandria/Preview Content\"";
				DEVELOPMENT_TEAM = 7UWKX6V9JV;
				ENABLE_PREVIEWS = YES;
				GENERATE_INFOPLIST_FILE = YES;
				INFOPLIST_FILE = Cinexandria/Info.plist;
				INFOPLIST_KEY_UIApplicationSceneManifest_Generation = YES;
				INFOPLIST_KEY_UIApplicationSupportsIndirectInputEvents = YES;
				INFOPLIST_KEY_UILaunchScreen_Generation = YES;
				INFOPLIST_KEY_UISupportedInterfaceOrientations = UIInterfaceOrientationPortrait;
				INFOPLIST_KEY_UISupportedInterfaceOrientations_iPad = "UIInterfaceOrientationLandscapeLeft UIInterfaceOrientationLandscapeRight UIInterfaceOrientationPortrait UIInterfaceOrientationPortraitUpsideDown";
				IPHONEOS_DEPLOYMENT_TARGET = 15.0;
				LD_RUNPATH_SEARCH_PATHS = (
					"$(inherited)",
					"@executable_path/Frameworks",
				);
				MARKETING_VERSION = 1.0;
				PRODUCT_BUNDLE_IDENTIFIER = jusang.Cinexandria;
				PRODUCT_NAME = "$(TARGET_NAME)";
				SWIFT_EMIT_LOC_STRINGS = YES;
				SWIFT_VERSION = 5.0;
				TARGETED_DEVICE_FAMILY = "1,2";
			};
			name = Debug;
		};
		2AF4E5872AA5D6AA00ABE68C /* Release */ = {
			isa = XCBuildConfiguration;
			baseConfigurationReference = 0BAE3CCAB9BAE32522425E5E /* Pods-Cinexandria.release.xcconfig */;
			buildSettings = {
				ASSETCATALOG_COMPILER_APPICON_NAME = AppIcon;
				ASSETCATALOG_COMPILER_GLOBAL_ACCENT_COLOR_NAME = AccentColor;
				CODE_SIGN_ENTITLEMENTS = Cinexandria/Cinexandria.entitlements;
				CODE_SIGN_STYLE = Automatic;
				CURRENT_PROJECT_VERSION = 1;
				DEVELOPMENT_ASSET_PATHS = "\"Cinexandria/Preview Content\"";
				DEVELOPMENT_TEAM = 7UWKX6V9JV;
				ENABLE_PREVIEWS = YES;
				GENERATE_INFOPLIST_FILE = YES;
				INFOPLIST_FILE = Cinexandria/Info.plist;
				INFOPLIST_KEY_UIApplicationSceneManifest_Generation = YES;
				INFOPLIST_KEY_UIApplicationSupportsIndirectInputEvents = YES;
				INFOPLIST_KEY_UILaunchScreen_Generation = YES;
				INFOPLIST_KEY_UISupportedInterfaceOrientations = UIInterfaceOrientationPortrait;
				INFOPLIST_KEY_UISupportedInterfaceOrientations_iPad = "UIInterfaceOrientationLandscapeLeft UIInterfaceOrientationLandscapeRight UIInterfaceOrientationPortrait UIInterfaceOrientationPortraitUpsideDown";
				IPHONEOS_DEPLOYMENT_TARGET = 15.0;
				LD_RUNPATH_SEARCH_PATHS = (
					"$(inherited)",
					"@executable_path/Frameworks",
				);
				MARKETING_VERSION = 1.0;
				PRODUCT_BUNDLE_IDENTIFIER = jusang.Cinexandria;
				PRODUCT_NAME = "$(TARGET_NAME)";
				SWIFT_EMIT_LOC_STRINGS = YES;
				SWIFT_VERSION = 5.0;
				TARGETED_DEVICE_FAMILY = "1,2";
			};
			name = Release;
		};
/* End XCBuildConfiguration section */

/* Begin XCConfigurationList section */
		2AF4E5722AA5D6A900ABE68C /* Build configuration list for PBXProject "Cinexandria" */ = {
			isa = XCConfigurationList;
			buildConfigurations = (
				2AF4E5832AA5D6AA00ABE68C /* Debug */,
				2AF4E5842AA5D6AA00ABE68C /* Release */,
			);
			defaultConfigurationIsVisible = 0;
			defaultConfigurationName = Release;
		};
		2AF4E5852AA5D6AA00ABE68C /* Build configuration list for PBXNativeTarget "Cinexandria" */ = {
			isa = XCConfigurationList;
			buildConfigurations = (
				2AF4E5862AA5D6AA00ABE68C /* Debug */,
				2AF4E5872AA5D6AA00ABE68C /* Release */,
			);
			defaultConfigurationIsVisible = 0;
			defaultConfigurationName = Release;
		};
/* End XCConfigurationList section */

/* Begin XCRemoteSwiftPackageReference section */
		2AC8BB0C2AC486E700143D2D /* XCRemoteSwiftPackageReference "GoogleSignIn-iOS" */ = {
			isa = XCRemoteSwiftPackageReference;
			repositoryURL = "https://github.com/google/GoogleSignIn-iOS";
			requirement = {
				kind = upToNextMajorVersion;
				minimumVersion = 7.0.0;
			};
		};
		2AC8BB1C2AC8338400143D2D /* XCRemoteSwiftPackageReference "kakao-ios-sdk" */ = {
			isa = XCRemoteSwiftPackageReference;
			repositoryURL = "https://github.com/kakao/kakao-ios-sdk";
			requirement = {
				branch = master;
				kind = branch;
			};
		};
		2AF4E5CA2AA5F86C00ABE68C /* XCRemoteSwiftPackageReference "firebase-ios-sdk" */ = {
			isa = XCRemoteSwiftPackageReference;
			repositoryURL = "https://github.com/firebase/firebase-ios-sdk";
			requirement = {
				kind = upToNextMajorVersion;
				minimumVersion = 8.0.0;
			};
		};
		2AF4E6182AB1B0DD00ABE68C /* XCRemoteSwiftPackageReference "YouTubePlayerKit" */ = {
			isa = XCRemoteSwiftPackageReference;
			repositoryURL = "https://github.com/SvenTiigi/YouTubePlayerKit.git";
			requirement = {
				kind = upToNextMajorVersion;
				minimumVersion = 1.0.0;
			};
		};
/* End XCRemoteSwiftPackageReference section */

/* Begin XCSwiftPackageProductDependency section */
		2AC8BB0D2AC486E700143D2D /* GoogleSignIn */ = {
			isa = XCSwiftPackageProductDependency;
			package = 2AC8BB0C2AC486E700143D2D /* XCRemoteSwiftPackageReference "GoogleSignIn-iOS" */;
			productName = GoogleSignIn;
		};
		2AC8BB0F2AC486E700143D2D /* GoogleSignInSwift */ = {
			isa = XCSwiftPackageProductDependency;
			package = 2AC8BB0C2AC486E700143D2D /* XCRemoteSwiftPackageReference "GoogleSignIn-iOS" */;
			productName = GoogleSignInSwift;
		};
		2AC8BB1D2AC8338400143D2D /* KakaoSDKAuth */ = {
			isa = XCSwiftPackageProductDependency;
			package = 2AC8BB1C2AC8338400143D2D /* XCRemoteSwiftPackageReference "kakao-ios-sdk" */;
			productName = KakaoSDKAuth;
		};
		2AC8BB1F2AC8338400143D2D /* KakaoSDKCommon */ = {
			isa = XCSwiftPackageProductDependency;
			package = 2AC8BB1C2AC8338400143D2D /* XCRemoteSwiftPackageReference "kakao-ios-sdk" */;
			productName = KakaoSDKCommon;
		};
		2AC8BB212AC8338400143D2D /* KakaoSDKUser */ = {
			isa = XCSwiftPackageProductDependency;
			package = 2AC8BB1C2AC8338400143D2D /* XCRemoteSwiftPackageReference "kakao-ios-sdk" */;
			productName = KakaoSDKUser;
		};
		2AF4E5CB2AA5F86C00ABE68C /* FirebaseAuth */ = {
			isa = XCSwiftPackageProductDependency;
			package = 2AF4E5CA2AA5F86C00ABE68C /* XCRemoteSwiftPackageReference "firebase-ios-sdk" */;
			productName = FirebaseAuth;
		};
		2AF4E5CD2AA5F86C00ABE68C /* FirebaseDatabase */ = {
			isa = XCSwiftPackageProductDependency;
			package = 2AF4E5CA2AA5F86C00ABE68C /* XCRemoteSwiftPackageReference "firebase-ios-sdk" */;
			productName = FirebaseDatabase;
		};
		2AF4E5D12AA5F86C00ABE68C /* FirebaseFirestore */ = {
			isa = XCSwiftPackageProductDependency;
			package = 2AF4E5CA2AA5F86C00ABE68C /* XCRemoteSwiftPackageReference "firebase-ios-sdk" */;
			productName = FirebaseFirestore;
		};
		2AF4E5D52AA5F86C00ABE68C /* FirebaseStorage */ = {
			isa = XCSwiftPackageProductDependency;
			package = 2AF4E5CA2AA5F86C00ABE68C /* XCRemoteSwiftPackageReference "firebase-ios-sdk" */;
			productName = FirebaseStorage;
		};
		2AF4E6192AB1B0DD00ABE68C /* YouTubePlayerKit */ = {
			isa = XCSwiftPackageProductDependency;
			package = 2AF4E6182AB1B0DD00ABE68C /* XCRemoteSwiftPackageReference "YouTubePlayerKit" */;
			productName = YouTubePlayerKit;
		};
/* End XCSwiftPackageProductDependency section */
	};
	rootObject = 2AF4E56F2AA5D6A900ABE68C /* Project object */;
}
